
Microsoft Visual Studio Solution File, Format Version 12.00
# Visual Studio Version 16
VisualStudioVersion = 16.0.31005.135
MinimumVisualStudioVersion = 10.0.40219.1
Project("{FAE04EC0-301F-11D3-BF4B-00C04F79EFBC}") = "TicTacToe", "TicTacToe\TicTacToe.csproj", "{46EFE188-0315-4DBC-ADD2-8A44B5BD309F}"
EndProject
Global
	GlobalSection(SolutionConfigurationPlatforms) = preSolution
		Debug|Any CPU = Debug|Any CPU
		Release|Any CPU = Release|Any CPU
	EndGlobalSection
	GlobalSection(ProjectConfigurationPlatforms) = postSolution
		{46EFE188-0315-4DBC-ADD2-8A44B5BD309F}.Debug|Any CPU.ActiveCfg = Debug|Any CPU
		{46EFE188-0315-4DBC-ADD2-8A44B5BD309F}.Debug|Any CPU.Build.0 = Debug|Any CPU
		{46EFE188-0315-4DBC-ADD2-8A44B5BD309F}.Release|Any CPU.ActiveCfg = Release|Any CPU
		{46EFE188-0315-4DBC-ADD2-8A44B5BD309F}.Release|Any CPU.Build.0 = Release|Any CPU
	EndGlobalSection
	GlobalSection(SolutionProperties) = preSolution
		HideSolutionNode = FALSE
	EndGlobalSection
	GlobalSection(ExtensibilityGlobals) = postSolution
		SolutionGuid = {0D6C4074-7032-44FC-91AE-3D4E2BFB4A8A}
	EndGlobalSection
EndGlobal
